
Microsoft Visual Studio Solution File, Format Version 12.00
# Visual Studio Version 16
VisualStudioVersion = 16.0.29806.167
MinimumVisualStudioVersion = 10.0.40219.1
Project("{2150E333-8FDC-42A3-9474-1A3956D46DE8}") = "UI", "UI", "{C378DB21-86C3-4278-BF17-8349BD6632A9}"
EndProject
Project("{2150E333-8FDC-42A3-9474-1A3956D46DE8}") = "Services", "Services", "{875229ED-5415-476A-8449-17A180717877}"
EndProject
Project("{2150E333-8FDC-42A3-9474-1A3956D46DE8}") = "Common", "Common", "{996D2620-5036-463D-AEDA-C7384D8F03AA}"
EndProject
Project("{9A19103F-16F7-4668-BE54-9A1E7A4F7556}") = "WebStore.Domain", "Common\WebStore.Domain\WebStore.Domain.csproj", "{AC124B11-4BBF-45AF-8889-2EB8DEFC6F62}"
EndProject
Project("{9A19103F-16F7-4668-BE54-9A1E7A4F7556}") = "WebStore.DAL", "Services\WebStore.DAL\WebStore.DAL.csproj", "{4660FE4D-80F5-4095-B586-CD4037208064}"
EndProject
Project("{9A19103F-16F7-4668-BE54-9A1E7A4F7556}") = "WebStore", "UI\WebStore\WebStore.csproj", "{AF7F878E-8DB5-4A9F-8CDE-C4D0D639A7A8}"
EndProject
Project("{9A19103F-16F7-4668-BE54-9A1E7A4F7556}") = "WebStore.ServiceHosting", "Services\WebStore.ServiceHosting\WebStore.ServiceHosting.csproj", "{5046EEE4-4398-442A-AE0B-6C3CFF0D17C0}"
EndProject
Project("{9A19103F-16F7-4668-BE54-9A1E7A4F7556}") = "WebStore.Interfaces", "Services\WebStore.Interfaces\WebStore.Interfaces.csproj", "{402B1BF7-8314-4F42-BE73-B3E491FA04EB}"
EndProject
Project("{9A19103F-16F7-4668-BE54-9A1E7A4F7556}") = "WebStore.Services", "Services\WebStore.Services\WebStore.Services.csproj", "{D4F85D60-EC98-40E9-A868-3D9604610DEC}"
EndProject
Project("{9A19103F-16F7-4668-BE54-9A1E7A4F7556}") = "WebStore.Clients", "Services\WebStore.Clients\WebStore.Clients.csproj", "{37C49D5D-094B-4F8A-AC98-F6478819D20B}"
EndProject
Project("{9A19103F-16F7-4668-BE54-9A1E7A4F7556}") = "WebStore.Logger", "Common\WebStore.Logger\WebStore.Logger.csproj", "{C865D0FC-4859-4DF1-81B9-D3DE2BCD6255}"
EndProject
Project("{2150E333-8FDC-42A3-9474-1A3956D46DE8}") = ".Service", ".Service", "{FA14E8B0-8BE3-4D0B-B4F9-DC02D0C5D9D1}"
	ProjectSection(SolutionItems) = preProject
		.gitignore = .gitignore
	EndProjectSection
EndProject
Project("{2150E333-8FDC-42A3-9474-1A3956D46DE8}") = "Tests", "Tests", "{1102F4BC-C9E4-4AD6-ABB7-6A332118E481}"
EndProject
Project("{FAE04EC0-301F-11D3-BF4B-00C04F79EFBC}") = "WebStore.Tests", "Tests\WebStore.Tests\WebStore.Tests.csproj", "{B9CE5599-9EEA-4A55-B524-E647391C3341}"
EndProject
Project("{FAE04EC0-301F-11D3-BF4B-00C04F79EFBC}") = "WebStore.Services.Tests", "Tests\WebStore.Services.Tests\WebStore.Services.Tests.csproj", "{BEEBE879-1209-488B-B6E6-947393E9DCEE}"
EndProject
Global
	GlobalSection(SolutionConfigurationPlatforms) = preSolution
		Debug|Any CPU = Debug|Any CPU
		Release|Any CPU = Release|Any CPU
	EndGlobalSection
	GlobalSection(ProjectConfigurationPlatforms) = postSolution
		{AC124B11-4BBF-45AF-8889-2EB8DEFC6F62}.Debug|Any CPU.ActiveCfg = Debug|Any CPU
		{AC124B11-4BBF-45AF-8889-2EB8DEFC6F62}.Debug|Any CPU.Build.0 = Debug|Any CPU
		{AC124B11-4BBF-45AF-8889-2EB8DEFC6F62}.Release|Any CPU.ActiveCfg = Release|Any CPU
		{AC124B11-4BBF-45AF-8889-2EB8DEFC6F62}.Release|Any CPU.Build.0 = Release|Any CPU
		{4660FE4D-80F5-4095-B586-CD4037208064}.Debug|Any CPU.ActiveCfg = Debug|Any CPU
		{4660FE4D-80F5-4095-B586-CD4037208064}.Debug|Any CPU.Build.0 = Debug|Any CPU
		{4660FE4D-80F5-4095-B586-CD4037208064}.Release|Any CPU.ActiveCfg = Release|Any CPU
		{4660FE4D-80F5-4095-B586-CD4037208064}.Release|Any CPU.Build.0 = Release|Any CPU
		{AF7F878E-8DB5-4A9F-8CDE-C4D0D639A7A8}.Debug|Any CPU.ActiveCfg = Debug|Any CPU
		{AF7F878E-8DB5-4A9F-8CDE-C4D0D639A7A8}.Debug|Any CPU.Build.0 = Debug|Any CPU
		{AF7F878E-8DB5-4A9F-8CDE-C4D0D639A7A8}.Release|Any CPU.ActiveCfg = Release|Any CPU
		{AF7F878E-8DB5-4A9F-8CDE-C4D0D639A7A8}.Release|Any CPU.Build.0 = Release|Any CPU
		{5046EEE4-4398-442A-AE0B-6C3CFF0D17C0}.Debug|Any CPU.ActiveCfg = Debug|Any CPU
		{5046EEE4-4398-442A-AE0B-6C3CFF0D17C0}.Debug|Any CPU.Build.0 = Debug|Any CPU
		{5046EEE4-4398-442A-AE0B-6C3CFF0D17C0}.Release|Any CPU.ActiveCfg = Release|Any CPU
		{5046EEE4-4398-442A-AE0B-6C3CFF0D17C0}.Release|Any CPU.Build.0 = Release|Any CPU
		{402B1BF7-8314-4F42-BE73-B3E491FA04EB}.Debug|Any CPU.ActiveCfg = Debug|Any CPU
		{402B1BF7-8314-4F42-BE73-B3E491FA04EB}.Debug|Any CPU.Build.0 = Debug|Any CPU
		{402B1BF7-8314-4F42-BE73-B3E491FA04EB}.Release|Any CPU.ActiveCfg = Release|Any CPU
		{402B1BF7-8314-4F42-BE73-B3E491FA04EB}.Release|Any CPU.Build.0 = Release|Any CPU
		{D4F85D60-EC98-40E9-A868-3D9604610DEC}.Debug|Any CPU.ActiveCfg = Debug|Any CPU
		{D4F85D60-EC98-40E9-A868-3D9604610DEC}.Debug|Any CPU.Build.0 = Debug|Any CPU
		{D4F85D60-EC98-40E9-A868-3D9604610DEC}.Release|Any CPU.ActiveCfg = Release|Any CPU
		{D4F85D60-EC98-40E9-A868-3D9604610DEC}.Release|Any CPU.Build.0 = Release|Any CPU
		{37C49D5D-094B-4F8A-AC98-F6478819D20B}.Debug|Any CPU.ActiveCfg = Debug|Any CPU
		{37C49D5D-094B-4F8A-AC98-F6478819D20B}.Debug|Any CPU.Build.0 = Debug|Any CPU
		{37C49D5D-094B-4F8A-AC98-F6478819D20B}.Release|Any CPU.ActiveCfg = Release|Any CPU
		{37C49D5D-094B-4F8A-AC98-F6478819D20B}.Release|Any CPU.Build.0 = Release|Any CPU
		{C865D0FC-4859-4DF1-81B9-D3DE2BCD6255}.Debug|Any CPU.ActiveCfg = Debug|Any CPU
		{C865D0FC-4859-4DF1-81B9-D3DE2BCD6255}.Debug|Any CPU.Build.0 = Debug|Any CPU
		{C865D0FC-4859-4DF1-81B9-D3DE2BCD6255}.Release|Any CPU.ActiveCfg = Release|Any CPU
		{C865D0FC-4859-4DF1-81B9-D3DE2BCD6255}.Release|Any CPU.Build.0 = Release|Any CPU
		{B9CE5599-9EEA-4A55-B524-E647391C3341}.Debug|Any CPU.ActiveCfg = Debug|Any CPU
		{B9CE5599-9EEA-4A55-B524-E647391C3341}.Debug|Any CPU.Build.0 = Debug|Any CPU
		{B9CE5599-9EEA-4A55-B524-E647391C3341}.Release|Any CPU.ActiveCfg = Release|Any CPU
		{B9CE5599-9EEA-4A55-B524-E647391C3341}.Release|Any CPU.Build.0 = Release|Any CPU
		{BEEBE879-1209-488B-B6E6-947393E9DCEE}.Debug|Any CPU.ActiveCfg = Debug|Any CPU
		{BEEBE879-1209-488B-B6E6-947393E9DCEE}.Debug|Any CPU.Build.0 = Debug|Any CPU
		{BEEBE879-1209-488B-B6E6-947393E9DCEE}.Release|Any CPU.ActiveCfg = Release|Any CPU
		{BEEBE879-1209-488B-B6E6-947393E9DCEE}.Release|Any CPU.Build.0 = Release|Any CPU
	EndGlobalSection
	GlobalSection(SolutionProperties) = preSolution
		HideSolutionNode = FALSE
	EndGlobalSection
	GlobalSection(NestedProjects) = preSolution
		{AC124B11-4BBF-45AF-8889-2EB8DEFC6F62} = {996D2620-5036-463D-AEDA-C7384D8F03AA}
		{4660FE4D-80F5-4095-B586-CD4037208064} = {875229ED-5415-476A-8449-17A180717877}
		{AF7F878E-8DB5-4A9F-8CDE-C4D0D639A7A8} = {C378DB21-86C3-4278-BF17-8349BD6632A9}
		{5046EEE4-4398-442A-AE0B-6C3CFF0D17C0} = {875229ED-5415-476A-8449-17A180717877}
		{402B1BF7-8314-4F42-BE73-B3E491FA04EB} = {875229ED-5415-476A-8449-17A180717877}
		{D4F85D60-EC98-40E9-A868-3D9604610DEC} = {875229ED-5415-476A-8449-17A180717877}
		{37C49D5D-094B-4F8A-AC98-F6478819D20B} = {875229ED-5415-476A-8449-17A180717877}
		{C865D0FC-4859-4DF1-81B9-D3DE2BCD6255} = {996D2620-5036-463D-AEDA-C7384D8F03AA}
		{B9CE5599-9EEA-4A55-B524-E647391C3341} = {1102F4BC-C9E4-4AD6-ABB7-6A332118E481}
		{BEEBE879-1209-488B-B6E6-947393E9DCEE} = {1102F4BC-C9E4-4AD6-ABB7-6A332118E481}
	EndGlobalSection
	GlobalSection(ExtensibilityGlobals) = postSolution
		SolutionGuid = {03B48D7A-D1FA-42B8-B4B5-E9BA9125FA87}
	EndGlobalSection
EndGlobal
